
Microsoft Visual Studio Solution File, Format Version 12.00
# Visual Studio Version 18
VisualStudioVersion = 18.2.11415.280 d18.0
MinimumVisualStudioVersion = 10.0.40219.1
Project("{FAE04EC0-301F-11D3-BF4B-00C04F79EFBC}") = "App.Repositories", "Repositories\App.Repositories.csproj", "{B01EFC0C-63B0-4585-8726-B74BAB9A896F}"
EndProject
Project("{FAE04EC0-301F-11D3-BF4B-00C04F79EFBC}") = "App.Services", "Services\App.Services.csproj", "{409606A9-4B56-4078-AD5A-9B0B41452B7C}"
EndProject
Project("{FAE04EC0-301F-11D3-BF4B-00C04F79EFBC}") = "App.API", "App.API\App.API.csproj", "{534B0BBA-D565-4BF5-A190-F0632BB4DF4B}"
EndProject
Project("{2150E333-8FDC-42A3-9474-1A3956D46DE8}") = "NLayer", "NLayer", "{CC8175B3-4EDB-451E-90F8-7F8A039F1A16}"
EndProject
Project("{2150E333-8FDC-42A3-9474-1A3956D46DE8}") = "CleanArchitecture", "CleanArchitecture", "{22C8BB83-D630-4E65-B357-19643BDC57E3}"
EndProject
Project("{2150E333-8FDC-42A3-9474-1A3956D46DE8}") = "Src", "Src", "{AD075AA9-BB6C-497C-A9BA-7EA34BB5CEC0}"
EndProject
Project("{2150E333-8FDC-42A3-9474-1A3956D46DE8}") = "Test", "Test", "{0B51C44B-307C-46C4-BB2B-6FB44EFE6E91}"
EndProject
Project("{2150E333-8FDC-42A3-9474-1A3956D46DE8}") = "Core", "Core", "{4E70F6B1-F066-43FC-B50F-113A2C25CB61}"
EndProject
Project("{FAE04EC0-301F-11D3-BF4B-00C04F79EFBC}") = "App.Domain", "App.Domain\App.Domain.csproj", "{B16F3384-5572-4B03-815C-4FB09B32DEFF}"
EndProject
Project("{FAE04EC0-301F-11D3-BF4B-00C04F79EFBC}") = "App.Application", "App.Application\App.Application.csproj", "{592F29E0-E6D7-42D4-B2B4-AC42255B702A}"
EndProject
Project("{2150E333-8FDC-42A3-9474-1A3956D46DE8}") = "Infrastructure", "Infrastructure", "{6549146A-6AA8-40FA-802A-F0E15E96A3C1}"
EndProject
Project("{FAE04EC0-301F-11D3-BF4B-00C04F79EFBC}") = "App.Persistence", "App.Persistence\App.Persistence.csproj", "{FB7F0447-248F-4717-8FE0-3626F8D6EB3E}"
EndProject
Project("{2150E333-8FDC-42A3-9474-1A3956D46DE8}") = "API", "API", "{70146D62-A4DC-4366-AE55-6A001D95D7F3}"
EndProject
Global
	GlobalSection(SolutionConfigurationPlatforms) = preSolution
		Debug|Any CPU = Debug|Any CPU
		Release|Any CPU = Release|Any CPU
	EndGlobalSection
	GlobalSection(ProjectConfigurationPlatforms) = postSolution
		{B01EFC0C-63B0-4585-8726-B74BAB9A896F}.Debug|Any CPU.ActiveCfg = Debug|Any CPU
		{B01EFC0C-63B0-4585-8726-B74BAB9A896F}.Debug|Any CPU.Build.0 = Debug|Any CPU
		{B01EFC0C-63B0-4585-8726-B74BAB9A896F}.Release|Any CPU.ActiveCfg = Release|Any CPU
		{B01EFC0C-63B0-4585-8726-B74BAB9A896F}.Release|Any CPU.Build.0 = Release|Any CPU
		{409606A9-4B56-4078-AD5A-9B0B41452B7C}.Debug|Any CPU.ActiveCfg = Debug|Any CPU
		{409606A9-4B56-4078-AD5A-9B0B41452B7C}.Debug|Any CPU.Build.0 = Debug|Any CPU
		{409606A9-4B56-4078-AD5A-9B0B41452B7C}.Release|Any CPU.ActiveCfg = Release|Any CPU
		{409606A9-4B56-4078-AD5A-9B0B41452B7C}.Release|Any CPU.Build.0 = Release|Any CPU
		{534B0BBA-D565-4BF5-A190-F0632BB4DF4B}.Debug|Any CPU.ActiveCfg = Debug|Any CPU
		{534B0BBA-D565-4BF5-A190-F0632BB4DF4B}.Debug|Any CPU.Build.0 = Debug|Any CPU
		{534B0BBA-D565-4BF5-A190-F0632BB4DF4B}.Release|Any CPU.ActiveCfg = Release|Any CPU
		{534B0BBA-D565-4BF5-A190-F0632BB4DF4B}.Release|Any CPU.Build.0 = Release|Any CPU
		{B16F3384-5572-4B03-815C-4FB09B32DEFF}.Debug|Any CPU.ActiveCfg = Debug|Any CPU
		{B16F3384-5572-4B03-815C-4FB09B32DEFF}.Debug|Any CPU.Build.0 = Debug|Any CPU
		{B16F3384-5572-4B03-815C-4FB09B32DEFF}.Release|Any CPU.ActiveCfg = Release|Any CPU
		{B16F3384-5572-4B03-815C-4FB09B32DEFF}.Release|Any CPU.Build.0 = Release|Any CPU
		{592F29E0-E6D7-42D4-B2B4-AC42255B702A}.Debug|Any CPU.ActiveCfg = Debug|Any CPU
		{592F29E0-E6D7-42D4-B2B4-AC42255B702A}.Debug|Any CPU.Build.0 = Debug|Any CPU
		{592F29E0-E6D7-42D4-B2B4-AC42255B702A}.Release|Any CPU.ActiveCfg = Release|Any CPU
		{592F29E0-E6D7-42D4-B2B4-AC42255B702A}.Release|Any CPU.Build.0 = Release|Any CPU
		{FB7F0447-248F-4717-8FE0-3626F8D6EB3E}.Debug|Any CPU.ActiveCfg = Debug|Any CPU
		{FB7F0447-248F-4717-8FE0-3626F8D6EB3E}.Debug|Any CPU.Build.0 = Debug|Any CPU
		{FB7F0447-248F-4717-8FE0-3626F8D6EB3E}.Release|Any CPU.ActiveCfg = Release|Any CPU
		{FB7F0447-248F-4717-8FE0-3626F8D6EB3E}.Release|Any CPU.Build.0 = Release|Any CPU
	EndGlobalSection
	GlobalSection(SolutionProperties) = preSolution
		HideSolutionNode = FALSE
	EndGlobalSection
	GlobalSection(NestedProjects) = preSolution
		{B01EFC0C-63B0-4585-8726-B74BAB9A896F} = {CC8175B3-4EDB-451E-90F8-7F8A039F1A16}
		{409606A9-4B56-4078-AD5A-9B0B41452B7C} = {CC8175B3-4EDB-451E-90F8-7F8A039F1A16}
		{534B0BBA-D565-4BF5-A190-F0632BB4DF4B} = {CC8175B3-4EDB-451E-90F8-7F8A039F1A16}
		{AD075AA9-BB6C-497C-A9BA-7EA34BB5CEC0} = {22C8BB83-D630-4E65-B357-19643BDC57E3}
		{0B51C44B-307C-46C4-BB2B-6FB44EFE6E91} = {22C8BB83-D630-4E65-B357-19643BDC57E3}
		{4E70F6B1-F066-43FC-B50F-113A2C25CB61} = {AD075AA9-BB6C-497C-A9BA-7EA34BB5CEC0}
		{B16F3384-5572-4B03-815C-4FB09B32DEFF} = {4E70F6B1-F066-43FC-B50F-113A2C25CB61}
		{592F29E0-E6D7-42D4-B2B4-AC42255B702A} = {4E70F6B1-F066-43FC-B50F-113A2C25CB61}
		{6549146A-6AA8-40FA-802A-F0E15E96A3C1} = {AD075AA9-BB6C-497C-A9BA-7EA34BB5CEC0}
		{FB7F0447-248F-4717-8FE0-3626F8D6EB3E} = {6549146A-6AA8-40FA-802A-F0E15E96A3C1}
		{70146D62-A4DC-4366-AE55-6A001D95D7F3} = {AD075AA9-BB6C-497C-A9BA-7EA34BB5CEC0}
	EndGlobalSection
	GlobalSection(ExtensibilityGlobals) = postSolution
		SolutionGuid = {BEB0F457-39FA-4A91-9F8D-E084F34B232D}
	EndGlobalSection
EndGlobal
